
Microsoft Visual Studio Solution File, Format Version 12.00
# Visual Studio Version 16
VisualStudioVersion = 16.0.29020.237
MinimumVisualStudioVersion = 10.0.40219.1
Project("{FAE04EC0-301F-11D3-BF4B-00C04F79EFBC}") = "Bluefragments.Utilities", "Bluefragments.Utilities\Bluefragments.Utilities.csproj", "{122605E5-26AB-483D-82D7-A63BAB6A39C7}"
EndProject
Global
	GlobalSection(SolutionConfigurationPlatforms) = preSolution
		Debug|Any CPU = Debug|Any CPU
		Release|Any CPU = Release|Any CPU
	EndGlobalSection
	GlobalSection(ProjectConfigurationPlatforms) = postSolution
		{122605E5-26AB-483D-82D7-A63BAB6A39C7}.Debug|Any CPU.ActiveCfg = Debug|Any CPU
		{122605E5-26AB-483D-82D7-A63BAB6A39C7}.Debug|Any CPU.Build.0 = Debug|Any CPU
		{122605E5-26AB-483D-82D7-A63BAB6A39C7}.Release|Any CPU.ActiveCfg = Release|Any CPU
		{122605E5-26AB-483D-82D7-A63BAB6A39C7}.Release|Any CPU.Build.0 = Release|Any CPU
	EndGlobalSection
	GlobalSection(SolutionProperties) = preSolution
		HideSolutionNode = FALSE
	EndGlobalSection
	GlobalSection(ExtensibilityGlobals) = postSolution
		SolutionGuid = {7783BD72-0390-424F-90F1-AAFB39518CEF}
	EndGlobalSection
EndGlobal
